
Microsoft Visual Studio Solution File, Format Version 12.00
# Visual Studio 14
VisualStudioVersion = 14.0.25420.1
MinimumVisualStudioVersion = 10.0.40219.1
Project("{2150E333-8FDC-42A3-9474-1A3956D46DE8}") = "Samples", "Samples", "{17CCDE3C-8136-46F6-A376-C382A0974D97}"
EndProject
Project("{2150E333-8FDC-42A3-9474-1A3956D46DE8}") = "Core", "Core", "{5AE1C9D9-186B-45BF-936A-CDE22944340E}"
EndProject
Project("{FAE04EC0-301F-11D3-BF4B-00C04F79EFBC}") = "Library", "Core\Library\Library.csproj", "{5A98C917-A5E1-48D3-BA77-4A1AAA86F5CA}"
EndProject
Project("{2150E333-8FDC-42A3-9474-1A3956D46DE8}") = "HelloWorld", "HelloWorld", "{A676B7A1-2BDA-487F-83D1-C17B9CD6C5BC}"
EndProject
Project("{FAE04EC0-301F-11D3-BF4B-00C04F79EFBC}") = "Droid", "Samples\HelloWorld\Droid\Droid.csproj", "{553427D4-DE2B-4969-8ABF-B3B2942FA5EA}"
EndProject
Project("{FAE04EC0-301F-11D3-BF4B-00C04F79EFBC}") = "iOS", "Samples\HelloWorld\iOS\iOS.csproj", "{5F1B34D1-4D32-4EC3-BB20-402A19944284}"
EndProject
Project("{FAE04EC0-301F-11D3-BF4B-00C04F79EFBC}") = "Shared", "Samples\HelloWorld\Shared\Shared.csproj", "{F55E832D-8FBB-410B-B739-DF090966398E}"
EndProject
Project("{FAE04EC0-301F-11D3-BF4B-00C04F79EFBC}") = "UWP", "Samples\HelloWorld\UWP\UWP.csproj", "{0648030C-BAAB-4CFD-AE2E-3A563A4B326E}"
EndProject
Project("{2150E333-8FDC-42A3-9474-1A3956D46DE8}") = "Tests", "Tests", "{01DD7493-4A74-431D-9871-8E9CA9876F3E}"
EndProject
Project("{FAE04EC0-301F-11D3-BF4B-00C04F79EFBC}") = "Library.Tests", "Tests\Library.Tests\Library.Tests.csproj", "{8EDF4429-251A-416D-BB68-93F227191BCF}"
EndProject
Global
	GlobalSection(SolutionConfigurationPlatforms) = preSolution
		Ad-Hoc|Any CPU = Ad-Hoc|Any CPU
		Ad-Hoc|ARM = Ad-Hoc|ARM
		Ad-Hoc|iPhone = Ad-Hoc|iPhone
		Ad-Hoc|iPhoneSimulator = Ad-Hoc|iPhoneSimulator
		Ad-Hoc|x64 = Ad-Hoc|x64
		Ad-Hoc|x86 = Ad-Hoc|x86
		AppStore|Any CPU = AppStore|Any CPU
		AppStore|ARM = AppStore|ARM
		AppStore|iPhone = AppStore|iPhone
		AppStore|iPhoneSimulator = AppStore|iPhoneSimulator
		AppStore|x64 = AppStore|x64
		AppStore|x86 = AppStore|x86
		Debug|Any CPU = Debug|Any CPU
		Debug|ARM = Debug|ARM
		Debug|iPhone = Debug|iPhone
		Debug|iPhoneSimulator = Debug|iPhoneSimulator
		Debug|x64 = Debug|x64
		Debug|x86 = Debug|x86
		Release|Any CPU = Release|Any CPU
		Release|ARM = Release|ARM
		Release|iPhone = Release|iPhone
		Release|iPhoneSimulator = Release|iPhoneSimulator
		Release|x64 = Release|x64
		Release|x86 = Release|x86
		Test|Any CPU = Test|Any CPU
		Test|ARM = Test|ARM
		Test|iPhone = Test|iPhone
		Test|iPhoneSimulator = Test|iPhoneSimulator
		Test|x64 = Test|x64
		Test|x86 = Test|x86
	EndGlobalSection
	GlobalSection(ProjectConfigurationPlatforms) = postSolution
		{5A98C917-A5E1-48D3-BA77-4A1AAA86F5CA}.Ad-Hoc|Any CPU.ActiveCfg = Release|Any CPU
		{5A98C917-A5E1-48D3-BA77-4A1AAA86F5CA}.Ad-Hoc|Any CPU.Build.0 = Release|Any CPU
		{5A98C917-A5E1-48D3-BA77-4A1AAA86F5CA}.Ad-Hoc|ARM.ActiveCfg = Release|Any CPU
		{5A98C917-A5E1-48D3-BA77-4A1AAA86F5CA}.Ad-Hoc|ARM.Build.0 = Release|Any CPU
		{5A98C917-A5E1-48D3-BA77-4A1AAA86F5CA}.Ad-Hoc|iPhone.ActiveCfg = Release|Any CPU
		{5A98C917-A5E1-48D3-BA77-4A1AAA86F5CA}.Ad-Hoc|iPhone.Build.0 = Release|Any CPU
		{5A98C917-A5E1-48D3-BA77-4A1AAA86F5CA}.Ad-Hoc|iPhoneSimulator.ActiveCfg = Release|Any CPU
		{5A98C917-A5E1-48D3-BA77-4A1AAA86F5CA}.Ad-Hoc|iPhoneSimulator.Build.0 = Release|Any CPU
		{5A98C917-A5E1-48D3-BA77-4A1AAA86F5CA}.Ad-Hoc|x64.ActiveCfg = Release|Any CPU
		{5A98C917-A5E1-48D3-BA77-4A1AAA86F5CA}.Ad-Hoc|x64.Build.0 = Release|Any CPU
		{5A98C917-A5E1-48D3-BA77-4A1AAA86F5CA}.Ad-Hoc|x86.ActiveCfg = Release|Any CPU
		{5A98C917-A5E1-48D3-BA77-4A1AAA86F5CA}.Ad-Hoc|x86.Build.0 = Release|Any CPU
		{5A98C917-A5E1-48D3-BA77-4A1AAA86F5CA}.AppStore|Any CPU.ActiveCfg = Release|Any CPU
		{5A98C917-A5E1-48D3-BA77-4A1AAA86F5CA}.AppStore|Any CPU.Build.0 = Release|Any CPU
		{5A98C917-A5E1-48D3-BA77-4A1AAA86F5CA}.AppStore|ARM.ActiveCfg = Release|Any CPU
		{5A98C917-A5E1-48D3-BA77-4A1AAA86F5CA}.AppStore|ARM.Build.0 = Release|Any CPU
		{5A98C917-A5E1-48D3-BA77-4A1AAA86F5CA}.AppStore|iPhone.ActiveCfg = Release|Any CPU
		{5A98C917-A5E1-48D3-BA77-4A1AAA86F5CA}.AppStore|iPhone.Build.0 = Release|Any CPU
		{5A98C917-A5E1-48D3-BA77-4A1AAA86F5CA}.AppStore|iPhoneSimulator.ActiveCfg = Release|Any CPU
		{5A98C917-A5E1-48D3-BA77-4A1AAA86F5CA}.AppStore|iPhoneSimulator.Build.0 = Release|Any CPU
		{5A98C917-A5E1-48D3-BA77-4A1AAA86F5CA}.AppStore|x64.ActiveCfg = Release|Any CPU
		{5A98C917-A5E1-48D3-BA77-4A1AAA86F5CA}.AppStore|x64.Build.0 = Release|Any CPU
		{5A98C917-A5E1-48D3-BA77-4A1AAA86F5CA}.AppStore|x86.ActiveCfg = Release|Any CPU
		{5A98C917-A5E1-48D3-BA77-4A1AAA86F5CA}.AppStore|x86.Build.0 = Release|Any CPU
		{5A98C917-A5E1-48D3-BA77-4A1AAA86F5CA}.Debug|Any CPU.ActiveCfg = Debug|Any CPU
		{5A98C917-A5E1-48D3-BA77-4A1AAA86F5CA}.Debug|Any CPU.Build.0 = Debug|Any CPU
		{5A98C917-A5E1-48D3-BA77-4A1AAA86F5CA}.Debug|ARM.ActiveCfg = Debug|Any CPU
		{5A98C917-A5E1-48D3-BA77-4A1AAA86F5CA}.Debug|ARM.Build.0 = Debug|Any CPU
		{5A98C917-A5E1-48D3-BA77-4A1AAA86F5CA}.Debug|iPhone.ActiveCfg = Debug|Any CPU
		{5A98C917-A5E1-48D3-BA77-4A1AAA86F5CA}.Debug|iPhone.Build.0 = Debug|Any CPU
		{5A98C917-A5E1-48D3-BA77-4A1AAA86F5CA}.Debug|iPhoneSimulator.ActiveCfg = Debug|Any CPU
		{5A98C917-A5E1-48D3-BA77-4A1AAA86F5CA}.Debug|iPhoneSimulator.Build.0 = Debug|Any CPU
		{5A98C917-A5E1-48D3-BA77-4A1AAA86F5CA}.Debug|x64.ActiveCfg = Debug|Any CPU
		{5A98C917-A5E1-48D3-BA77-4A1AAA86F5CA}.Debug|x64.Build.0 = Debug|Any CPU
		{5A98C917-A5E1-48D3-BA77-4A1AAA86F5CA}.Debug|x86.ActiveCfg = Debug|Any CPU
		{5A98C917-A5E1-48D3-BA77-4A1AAA86F5CA}.Debug|x86.Build.0 = Debug|Any CPU
		{5A98C917-A5E1-48D3-BA77-4A1AAA86F5CA}.Release|Any CPU.ActiveCfg = Release|Any CPU
		{5A98C917-A5E1-48D3-BA77-4A1AAA86F5CA}.Release|Any CPU.Build.0 = Release|Any CPU
		{5A98C917-A5E1-48D3-BA77-4A1AAA86F5CA}.Release|ARM.ActiveCfg = Release|Any CPU
		{5A98C917-A5E1-48D3-BA77-4A1AAA86F5CA}.Release|ARM.Build.0 = Release|Any CPU
		{5A98C917-A5E1-48D3-BA77-4A1AAA86F5CA}.Release|iPhone.ActiveCfg = Release|Any CPU
		{5A98C917-A5E1-48D3-BA77-4A1AAA86F5CA}.Release|iPhone.Build.0 = Release|Any CPU
		{5A98C917-A5E1-48D3-BA77-4A1AAA86F5CA}.Release|iPhoneSimulator.ActiveCfg = Release|Any CPU
		{5A98C917-A5E1-48D3-BA77-4A1AAA86F5CA}.Release|iPhoneSimulator.Build.0 = Release|Any CPU
		{5A98C917-A5E1-48D3-BA77-4A1AAA86F5CA}.Release|x64.ActiveCfg = Release|Any CPU
		{5A98C917-A5E1-48D3-BA77-4A1AAA86F5CA}.Release|x64.Build.0 = Release|Any CPU
		{5A98C917-A5E1-48D3-BA77-4A1AAA86F5CA}.Release|x86.ActiveCfg = Release|Any CPU
		{5A98C917-A5E1-48D3-BA77-4A1AAA86F5CA}.Release|x86.Build.0 = Release|Any CPU
		{5A98C917-A5E1-48D3-BA77-4A1AAA86F5CA}.Test|Any CPU.ActiveCfg = Test|Any CPU
		{5A98C917-A5E1-48D3-BA77-4A1AAA86F5CA}.Test|Any CPU.Build.0 = Test|Any CPU
		{5A98C917-A5E1-48D3-BA77-4A1AAA86F5CA}.Test|ARM.ActiveCfg = Test|Any CPU
		{5A98C917-A5E1-48D3-BA77-4A1AAA86F5CA}.Test|ARM.Build.0 = Test|Any CPU
		{5A98C917-A5E1-48D3-BA77-4A1AAA86F5CA}.Test|iPhone.ActiveCfg = Test|Any CPU
		{5A98C917-A5E1-48D3-BA77-4A1AAA86F5CA}.Test|iPhone.Build.0 = Test|Any CPU
		{5A98C917-A5E1-48D3-BA77-4A1AAA86F5CA}.Test|iPhoneSimulator.ActiveCfg = Test|Any CPU
		{5A98C917-A5E1-48D3-BA77-4A1AAA86F5CA}.Test|iPhoneSimulator.Build.0 = Test|Any CPU
		{5A98C917-A5E1-48D3-BA77-4A1AAA86F5CA}.Test|x64.ActiveCfg = Test|Any CPU
		{5A98C917-A5E1-48D3-BA77-4A1AAA86F5CA}.Test|x64.Build.0 = Test|Any CPU
		{5A98C917-A5E1-48D3-BA77-4A1AAA86F5CA}.Test|x86.ActiveCfg = Test|Any CPU
		{5A98C917-A5E1-48D3-BA77-4A1AAA86F5CA}.Test|x86.Build.0 = Test|Any CPU
		{553427D4-DE2B-4969-8ABF-B3B2942FA5EA}.Ad-Hoc|Any CPU.ActiveCfg = Release|Any CPU
		{553427D4-DE2B-4969-8ABF-B3B2942FA5EA}.Ad-Hoc|Any CPU.Build.0 = Release|Any CPU
		{553427D4-DE2B-4969-8ABF-B3B2942FA5EA}.Ad-Hoc|Any CPU.Deploy.0 = Release|Any CPU
		{553427D4-DE2B-4969-8ABF-B3B2942FA5EA}.Ad-Hoc|ARM.ActiveCfg = Release|Any CPU
		{553427D4-DE2B-4969-8ABF-B3B2942FA5EA}.Ad-Hoc|ARM.Build.0 = Release|Any CPU
		{553427D4-DE2B-4969-8ABF-B3B2942FA5EA}.Ad-Hoc|ARM.Deploy.0 = Release|Any CPU
		{553427D4-DE2B-4969-8ABF-B3B2942FA5EA}.Ad-Hoc|iPhone.ActiveCfg = Release|Any CPU
		{553427D4-DE2B-4969-8ABF-B3B2942FA5EA}.Ad-Hoc|iPhone.Build.0 = Release|Any CPU
		{553427D4-DE2B-4969-8ABF-B3B2942FA5EA}.Ad-Hoc|iPhone.Deploy.0 = Release|Any CPU
		{553427D4-DE2B-4969-8ABF-B3B2942FA5EA}.Ad-Hoc|iPhoneSimulator.ActiveCfg = Release|Any CPU
		{553427D4-DE2B-4969-8ABF-B3B2942FA5EA}.Ad-Hoc|iPhoneSimulator.Build.0 = Release|Any CPU
		{553427D4-DE2B-4969-8ABF-B3B2942FA5EA}.Ad-Hoc|iPhoneSimulator.Deploy.0 = Release|Any CPU
		{553427D4-DE2B-4969-8ABF-B3B2942FA5EA}.Ad-Hoc|x64.ActiveCfg = Release|Any CPU
		{553427D4-DE2B-4969-8ABF-B3B2942FA5EA}.Ad-Hoc|x64.Build.0 = Release|Any CPU
		{553427D4-DE2B-4969-8ABF-B3B2942FA5EA}.Ad-Hoc|x64.Deploy.0 = Release|Any CPU
		{553427D4-DE2B-4969-8ABF-B3B2942FA5EA}.Ad-Hoc|x86.ActiveCfg = Release|Any CPU
		{553427D4-DE2B-4969-8ABF-B3B2942FA5EA}.Ad-Hoc|x86.Build.0 = Release|Any CPU
		{553427D4-DE2B-4969-8ABF-B3B2942FA5EA}.Ad-Hoc|x86.Deploy.0 = Release|Any CPU
		{553427D4-DE2B-4969-8ABF-B3B2942FA5EA}.AppStore|Any CPU.ActiveCfg = Release|Any CPU
		{553427D4-DE2B-4969-8ABF-B3B2942FA5EA}.AppStore|Any CPU.Build.0 = Release|Any CPU
		{553427D4-DE2B-4969-8ABF-B3B2942FA5EA}.AppStore|Any CPU.Deploy.0 = Release|Any CPU
		{553427D4-DE2B-4969-8ABF-B3B2942FA5EA}.AppStore|ARM.ActiveCfg = Release|Any CPU
		{553427D4-DE2B-4969-8ABF-B3B2942FA5EA}.AppStore|ARM.Build.0 = Release|Any CPU
		{553427D4-DE2B-4969-8ABF-B3B2942FA5EA}.AppStore|ARM.Deploy.0 = Release|Any CPU
		{553427D4-DE2B-4969-8ABF-B3B2942FA5EA}.AppStore|iPhone.ActiveCfg = Release|Any CPU
		{553427D4-DE2B-4969-8ABF-B3B2942FA5EA}.AppStore|iPhone.Build.0 = Release|Any CPU
		{553427D4-DE2B-4969-8ABF-B3B2942FA5EA}.AppStore|iPhone.Deploy.0 = Release|Any CPU
		{553427D4-DE2B-4969-8ABF-B3B2942FA5EA}.AppStore|iPhoneSimulator.ActiveCfg = Release|Any CPU
		{553427D4-DE2B-4969-8ABF-B3B2942FA5EA}.AppStore|iPhoneSimulator.Build.0 = Release|Any CPU
		{553427D4-DE2B-4969-8ABF-B3B2942FA5EA}.AppStore|iPhoneSimulator.Deploy.0 = Release|Any CPU
		{553427D4-DE2B-4969-8ABF-B3B2942FA5EA}.AppStore|x64.ActiveCfg = Release|Any CPU
		{553427D4-DE2B-4969-8ABF-B3B2942FA5EA}.AppStore|x64.Build.0 = Release|Any CPU
		{553427D4-DE2B-4969-8ABF-B3B2942FA5EA}.AppStore|x64.Deploy.0 = Release|Any CPU
		{553427D4-DE2B-4969-8ABF-B3B2942FA5EA}.AppStore|x86.ActiveCfg = Release|Any CPU
		{553427D4-DE2B-4969-8ABF-B3B2942FA5EA}.AppStore|x86.Build.0 = Release|Any CPU
		{553427D4-DE2B-4969-8ABF-B3B2942FA5EA}.AppStore|x86.Deploy.0 = Release|Any CPU
		{553427D4-DE2B-4969-8ABF-B3B2942FA5EA}.Debug|Any CPU.ActiveCfg = Debug|Any CPU
		{553427D4-DE2B-4969-8ABF-B3B2942FA5EA}.Debug|Any CPU.Build.0 = Debug|Any CPU
		{553427D4-DE2B-4969-8ABF-B3B2942FA5EA}.Debug|Any CPU.Deploy.0 = Debug|Any CPU
		{553427D4-DE2B-4969-8ABF-B3B2942FA5EA}.Debug|ARM.ActiveCfg = Debug|Any CPU
		{553427D4-DE2B-4969-8ABF-B3B2942FA5EA}.Debug|ARM.Build.0 = Debug|Any CPU
		{553427D4-DE2B-4969-8ABF-B3B2942FA5EA}.Debug|ARM.Deploy.0 = Debug|Any CPU
		{553427D4-DE2B-4969-8ABF-B3B2942FA5EA}.Debug|iPhone.ActiveCfg = Debug|Any CPU
		{553427D4-DE2B-4969-8ABF-B3B2942FA5EA}.Debug|iPhone.Build.0 = Debug|Any CPU
		{553427D4-DE2B-4969-8ABF-B3B2942FA5EA}.Debug|iPhone.Deploy.0 = Debug|Any CPU
		{553427D4-DE2B-4969-8ABF-B3B2942FA5EA}.Debug|iPhoneSimulator.ActiveCfg = Debug|Any CPU
		{553427D4-DE2B-4969-8ABF-B3B2942FA5EA}.Debug|iPhoneSimulator.Build.0 = Debug|Any CPU
		{553427D4-DE2B-4969-8ABF-B3B2942FA5EA}.Debug|iPhoneSimulator.Deploy.0 = Debug|Any CPU
		{553427D4-DE2B-4969-8ABF-B3B2942FA5EA}.Debug|x64.ActiveCfg = Debug|Any CPU
		{553427D4-DE2B-4969-8ABF-B3B2942FA5EA}.Debug|x64.Build.0 = Debug|Any CPU
		{553427D4-DE2B-4969-8ABF-B3B2942FA5EA}.Debug|x64.Deploy.0 = Debug|Any CPU
		{553427D4-DE2B-4969-8ABF-B3B2942FA5EA}.Debug|x86.ActiveCfg = Debug|Any CPU
		{553427D4-DE2B-4969-8ABF-B3B2942FA5EA}.Debug|x86.Build.0 = Debug|Any CPU
		{553427D4-DE2B-4969-8ABF-B3B2942FA5EA}.Debug|x86.Deploy.0 = Debug|Any CPU
		{553427D4-DE2B-4969-8ABF-B3B2942FA5EA}.Release|Any CPU.ActiveCfg = Release|Any CPU
		{553427D4-DE2B-4969-8ABF-B3B2942FA5EA}.Release|Any CPU.Build.0 = Release|Any CPU
		{553427D4-DE2B-4969-8ABF-B3B2942FA5EA}.Release|Any CPU.Deploy.0 = Release|Any CPU
		{553427D4-DE2B-4969-8ABF-B3B2942FA5EA}.Release|ARM.ActiveCfg = Release|Any CPU
		{553427D4-DE2B-4969-8ABF-B3B2942FA5EA}.Release|ARM.Build.0 = Release|Any CPU
		{553427D4-DE2B-4969-8ABF-B3B2942FA5EA}.Release|ARM.Deploy.0 = Release|Any CPU
		{553427D4-DE2B-4969-8ABF-B3B2942FA5EA}.Release|iPhone.ActiveCfg = Release|Any CPU
		{553427D4-DE2B-4969-8ABF-B3B2942FA5EA}.Release|iPhone.Build.0 = Release|Any CPU
		{553427D4-DE2B-4969-8ABF-B3B2942FA5EA}.Release|iPhone.Deploy.0 = Release|Any CPU
		{553427D4-DE2B-4969-8ABF-B3B2942FA5EA}.Release|iPhoneSimulator.ActiveCfg = Release|Any CPU
		{553427D4-DE2B-4969-8ABF-B3B2942FA5EA}.Release|iPhoneSimulator.Build.0 = Release|Any CPU
		{553427D4-DE2B-4969-8ABF-B3B2942FA5EA}.Release|iPhoneSimulator.Deploy.0 = Release|Any CPU
		{553427D4-DE2B-4969-8ABF-B3B2942FA5EA}.Release|x64.ActiveCfg = Release|Any CPU
		{553427D4-DE2B-4969-8ABF-B3B2942FA5EA}.Release|x64.Build.0 = Release|Any CPU
		{553427D4-DE2B-4969-8ABF-B3B2942FA5EA}.Release|x64.Deploy.0 = Release|Any CPU
		{553427D4-DE2B-4969-8ABF-B3B2942FA5EA}.Release|x86.ActiveCfg = Release|Any CPU
		{553427D4-DE2B-4969-8ABF-B3B2942FA5EA}.Release|x86.Build.0 = Release|Any CPU
		{553427D4-DE2B-4969-8ABF-B3B2942FA5EA}.Release|x86.Deploy.0 = Release|Any CPU
		{553427D4-DE2B-4969-8ABF-B3B2942FA5EA}.Test|Any CPU.ActiveCfg = Test|Any CPU
		{553427D4-DE2B-4969-8ABF-B3B2942FA5EA}.Test|Any CPU.Build.0 = Test|Any CPU
		{553427D4-DE2B-4969-8ABF-B3B2942FA5EA}.Test|Any CPU.Deploy.0 = Test|Any CPU
		{553427D4-DE2B-4969-8ABF-B3B2942FA5EA}.Test|ARM.ActiveCfg = Test|Any CPU
		{553427D4-DE2B-4969-8ABF-B3B2942FA5EA}.Test|ARM.Build.0 = Test|Any CPU
		{553427D4-DE2B-4969-8ABF-B3B2942FA5EA}.Test|ARM.Deploy.0 = Test|Any CPU
		{553427D4-DE2B-4969-8ABF-B3B2942FA5EA}.Test|iPhone.ActiveCfg = Test|Any CPU
		{553427D4-DE2B-4969-8ABF-B3B2942FA5EA}.Test|iPhone.Build.0 = Test|Any CPU
		{553427D4-DE2B-4969-8ABF-B3B2942FA5EA}.Test|iPhone.Deploy.0 = Test|Any CPU
		{553427D4-DE2B-4969-8ABF-B3B2942FA5EA}.Test|iPhoneSimulator.ActiveCfg = Test|Any CPU
		{553427D4-DE2B-4969-8ABF-B3B2942FA5EA}.Test|iPhoneSimulator.Build.0 = Test|Any CPU
		{553427D4-DE2B-4969-8ABF-B3B2942FA5EA}.Test|iPhoneSimulator.Deploy.0 = Test|Any CPU
		{553427D4-DE2B-4969-8ABF-B3B2942FA5EA}.Test|x64.ActiveCfg = Test|Any CPU
		{553427D4-DE2B-4969-8ABF-B3B2942FA5EA}.Test|x64.Build.0 = Test|Any CPU
		{553427D4-DE2B-4969-8ABF-B3B2942FA5EA}.Test|x64.Deploy.0 = Test|Any CPU
		{553427D4-DE2B-4969-8ABF-B3B2942FA5EA}.Test|x86.ActiveCfg = Test|Any CPU
		{553427D4-DE2B-4969-8ABF-B3B2942FA5EA}.Test|x86.Build.0 = Test|Any CPU
		{553427D4-DE2B-4969-8ABF-B3B2942FA5EA}.Test|x86.Deploy.0 = Test|Any CPU
		{5F1B34D1-4D32-4EC3-BB20-402A19944284}.Ad-Hoc|Any CPU.ActiveCfg = Ad-Hoc|iPhone
		{5F1B34D1-4D32-4EC3-BB20-402A19944284}.Ad-Hoc|ARM.ActiveCfg = Ad-Hoc|iPhone
		{5F1B34D1-4D32-4EC3-BB20-402A19944284}.Ad-Hoc|iPhone.ActiveCfg = Ad-Hoc|iPhone
		{5F1B34D1-4D32-4EC3-BB20-402A19944284}.Ad-Hoc|iPhone.Build.0 = Ad-Hoc|iPhone
		{5F1B34D1-4D32-4EC3-BB20-402A19944284}.Ad-Hoc|iPhoneSimulator.ActiveCfg = Ad-Hoc|iPhoneSimulator
		{5F1B34D1-4D32-4EC3-BB20-402A19944284}.Ad-Hoc|iPhoneSimulator.Build.0 = Ad-Hoc|iPhoneSimulator
		{5F1B34D1-4D32-4EC3-BB20-402A19944284}.Ad-Hoc|x64.ActiveCfg = Ad-Hoc|iPhone
		{5F1B34D1-4D32-4EC3-BB20-402A19944284}.Ad-Hoc|x86.ActiveCfg = Ad-Hoc|iPhone
		{5F1B34D1-4D32-4EC3-BB20-402A19944284}.AppStore|Any CPU.ActiveCfg = AppStore|iPhone
		{5F1B34D1-4D32-4EC3-BB20-402A19944284}.AppStore|ARM.ActiveCfg = AppStore|iPhone
		{5F1B34D1-4D32-4EC3-BB20-402A19944284}.AppStore|iPhone.ActiveCfg = AppStore|iPhone
		{5F1B34D1-4D32-4EC3-BB20-402A19944284}.AppStore|iPhone.Build.0 = AppStore|iPhone
		{5F1B34D1-4D32-4EC3-BB20-402A19944284}.AppStore|iPhoneSimulator.ActiveCfg = AppStore|iPhoneSimulator
		{5F1B34D1-4D32-4EC3-BB20-402A19944284}.AppStore|iPhoneSimulator.Build.0 = AppStore|iPhoneSimulator
		{5F1B34D1-4D32-4EC3-BB20-402A19944284}.AppStore|x64.ActiveCfg = AppStore|iPhone
		{5F1B34D1-4D32-4EC3-BB20-402A19944284}.AppStore|x86.ActiveCfg = AppStore|iPhone
		{5F1B34D1-4D32-4EC3-BB20-402A19944284}.Debug|Any CPU.ActiveCfg = Debug|iPhone
		{5F1B34D1-4D32-4EC3-BB20-402A19944284}.Debug|ARM.ActiveCfg = Debug|iPhone
		{5F1B34D1-4D32-4EC3-BB20-402A19944284}.Debug|iPhone.ActiveCfg = Debug|iPhone
		{5F1B34D1-4D32-4EC3-BB20-402A19944284}.Debug|iPhone.Build.0 = Debug|iPhone
		{5F1B34D1-4D32-4EC3-BB20-402A19944284}.Debug|iPhoneSimulator.ActiveCfg = Debug|iPhoneSimulator
		{5F1B34D1-4D32-4EC3-BB20-402A19944284}.Debug|iPhoneSimulator.Build.0 = Debug|iPhoneSimulator
		{5F1B34D1-4D32-4EC3-BB20-402A19944284}.Debug|x64.ActiveCfg = Debug|iPhone
		{5F1B34D1-4D32-4EC3-BB20-402A19944284}.Debug|x86.ActiveCfg = Debug|iPhone
		{5F1B34D1-4D32-4EC3-BB20-402A19944284}.Release|Any CPU.ActiveCfg = Release|iPhone
		{5F1B34D1-4D32-4EC3-BB20-402A19944284}.Release|ARM.ActiveCfg = Release|iPhone
		{5F1B34D1-4D32-4EC3-BB20-402A19944284}.Release|iPhone.ActiveCfg = Release|iPhone
		{5F1B34D1-4D32-4EC3-BB20-402A19944284}.Release|iPhone.Build.0 = Release|iPhone
		{5F1B34D1-4D32-4EC3-BB20-402A19944284}.Release|iPhoneSimulator.ActiveCfg = Release|iPhoneSimulator
		{5F1B34D1-4D32-4EC3-BB20-402A19944284}.Release|iPhoneSimulator.Build.0 = Release|iPhoneSimulator
		{5F1B34D1-4D32-4EC3-BB20-402A19944284}.Release|x64.ActiveCfg = Release|iPhone
		{5F1B34D1-4D32-4EC3-BB20-402A19944284}.Release|x86.ActiveCfg = Release|iPhone
		{5F1B34D1-4D32-4EC3-BB20-402A19944284}.Test|Any CPU.ActiveCfg = Test|iPhone
		{5F1B34D1-4D32-4EC3-BB20-402A19944284}.Test|ARM.ActiveCfg = Test|iPhone
		{5F1B34D1-4D32-4EC3-BB20-402A19944284}.Test|iPhone.ActiveCfg = Test|iPhone
		{5F1B34D1-4D32-4EC3-BB20-402A19944284}.Test|iPhone.Build.0 = Test|iPhone
		{5F1B34D1-4D32-4EC3-BB20-402A19944284}.Test|iPhoneSimulator.ActiveCfg = Test|iPhoneSimulator
		{5F1B34D1-4D32-4EC3-BB20-402A19944284}.Test|iPhoneSimulator.Build.0 = Test|iPhoneSimulator
		{5F1B34D1-4D32-4EC3-BB20-402A19944284}.Test|x64.ActiveCfg = Test|iPhone
		{5F1B34D1-4D32-4EC3-BB20-402A19944284}.Test|x86.ActiveCfg = Test|iPhone
		{F55E832D-8FBB-410B-B739-DF090966398E}.Ad-Hoc|Any CPU.ActiveCfg = Release|Any CPU
		{F55E832D-8FBB-410B-B739-DF090966398E}.Ad-Hoc|Any CPU.Build.0 = Release|Any CPU
		{F55E832D-8FBB-410B-B739-DF090966398E}.Ad-Hoc|ARM.ActiveCfg = Release|Any CPU
		{F55E832D-8FBB-410B-B739-DF090966398E}.Ad-Hoc|ARM.Build.0 = Release|Any CPU
		{F55E832D-8FBB-410B-B739-DF090966398E}.Ad-Hoc|iPhone.ActiveCfg = Release|Any CPU
		{F55E832D-8FBB-410B-B739-DF090966398E}.Ad-Hoc|iPhone.Build.0 = Release|Any CPU
		{F55E832D-8FBB-410B-B739-DF090966398E}.Ad-Hoc|iPhoneSimulator.ActiveCfg = Release|Any CPU
		{F55E832D-8FBB-410B-B739-DF090966398E}.Ad-Hoc|iPhoneSimulator.Build.0 = Release|Any CPU
		{F55E832D-8FBB-410B-B739-DF090966398E}.Ad-Hoc|x64.ActiveCfg = Release|Any CPU
		{F55E832D-8FBB-410B-B739-DF090966398E}.Ad-Hoc|x64.Build.0 = Release|Any CPU
		{F55E832D-8FBB-410B-B739-DF090966398E}.Ad-Hoc|x86.ActiveCfg = Release|Any CPU
		{F55E832D-8FBB-410B-B739-DF090966398E}.Ad-Hoc|x86.Build.0 = Release|Any CPU
		{F55E832D-8FBB-410B-B739-DF090966398E}.AppStore|Any CPU.ActiveCfg = Release|Any CPU
		{F55E832D-8FBB-410B-B739-DF090966398E}.AppStore|Any CPU.Build.0 = Release|Any CPU
		{F55E832D-8FBB-410B-B739-DF090966398E}.AppStore|ARM.ActiveCfg = Release|Any CPU
		{F55E832D-8FBB-410B-B739-DF090966398E}.AppStore|ARM.Build.0 = Release|Any CPU
		{F55E832D-8FBB-410B-B739-DF090966398E}.AppStore|iPhone.ActiveCfg = Release|Any CPU
		{F55E832D-8FBB-410B-B739-DF090966398E}.AppStore|iPhone.Build.0 = Release|Any CPU
		{F55E832D-8FBB-410B-B739-DF090966398E}.AppStore|iPhoneSimulator.ActiveCfg = Release|Any CPU
		{F55E832D-8FBB-410B-B739-DF090966398E}.AppStore|iPhoneSimulator.Build.0 = Release|Any CPU
		{F55E832D-8FBB-410B-B739-DF090966398E}.AppStore|x64.ActiveCfg = Release|Any CPU
		{F55E832D-8FBB-410B-B739-DF090966398E}.AppStore|x64.Build.0 = Release|Any CPU
		{F55E832D-8FBB-410B-B739-DF090966398E}.AppStore|x86.ActiveCfg = Release|Any CPU
		{F55E832D-8FBB-410B-B739-DF090966398E}.AppStore|x86.Build.0 = Release|Any CPU
		{F55E832D-8FBB-410B-B739-DF090966398E}.Debug|Any CPU.ActiveCfg = Debug|Any CPU
		{F55E832D-8FBB-410B-B739-DF090966398E}.Debug|Any CPU.Build.0 = Debug|Any CPU
		{F55E832D-8FBB-410B-B739-DF090966398E}.Debug|ARM.ActiveCfg = Debug|Any CPU
		{F55E832D-8FBB-410B-B739-DF090966398E}.Debug|ARM.Build.0 = Debug|Any CPU
		{F55E832D-8FBB-410B-B739-DF090966398E}.Debug|iPhone.ActiveCfg = Debug|Any CPU
		{F55E832D-8FBB-410B-B739-DF090966398E}.Debug|iPhone.Build.0 = Debug|Any CPU
		{F55E832D-8FBB-410B-B739-DF090966398E}.Debug|iPhoneSimulator.ActiveCfg = Debug|Any CPU
		{F55E832D-8FBB-410B-B739-DF090966398E}.Debug|iPhoneSimulator.Build.0 = Debug|Any CPU
		{F55E832D-8FBB-410B-B739-DF090966398E}.Debug|x64.ActiveCfg = Debug|Any CPU
		{F55E832D-8FBB-410B-B739-DF090966398E}.Debug|x64.Build.0 = Debug|Any CPU
		{F55E832D-8FBB-410B-B739-DF090966398E}.Debug|x86.ActiveCfg = Debug|Any CPU
		{F55E832D-8FBB-410B-B739-DF090966398E}.Debug|x86.Build.0 = Debug|Any CPU
		{F55E832D-8FBB-410B-B739-DF090966398E}.Release|Any CPU.ActiveCfg = Release|Any CPU
		{F55E832D-8FBB-410B-B739-DF090966398E}.Release|Any CPU.Build.0 = Release|Any CPU
		{F55E832D-8FBB-410B-B739-DF090966398E}.Release|ARM.ActiveCfg = Release|Any CPU
		{F55E832D-8FBB-410B-B739-DF090966398E}.Release|ARM.Build.0 = Release|Any CPU
		{F55E832D-8FBB-410B-B739-DF090966398E}.Release|iPhone.ActiveCfg = Release|Any CPU
		{F55E832D-8FBB-410B-B739-DF090966398E}.Release|iPhone.Build.0 = Release|Any CPU
		{F55E832D-8FBB-410B-B739-DF090966398E}.Release|iPhoneSimulator.ActiveCfg = Release|Any CPU
		{F55E832D-8FBB-410B-B739-DF090966398E}.Release|iPhoneSimulator.Build.0 = Release|Any CPU
		{F55E832D-8FBB-410B-B739-DF090966398E}.Release|x64.ActiveCfg = Release|Any CPU
		{F55E832D-8FBB-410B-B739-DF090966398E}.Release|x64.Build.0 = Release|Any CPU
		{F55E832D-8FBB-410B-B739-DF090966398E}.Release|x86.ActiveCfg = Release|Any CPU
		{F55E832D-8FBB-410B-B739-DF090966398E}.Release|x86.Build.0 = Release|Any CPU
		{F55E832D-8FBB-410B-B739-DF090966398E}.Test|Any CPU.ActiveCfg = Test|Any CPU
		{F55E832D-8FBB-410B-B739-DF090966398E}.Test|Any CPU.Build.0 = Test|Any CPU
		{F55E832D-8FBB-410B-B739-DF090966398E}.Test|ARM.ActiveCfg = Test|Any CPU
		{F55E832D-8FBB-410B-B739-DF090966398E}.Test|ARM.Build.0 = Test|Any CPU
		{F55E832D-8FBB-410B-B739-DF090966398E}.Test|iPhone.ActiveCfg = Test|Any CPU
		{F55E832D-8FBB-410B-B739-DF090966398E}.Test|iPhone.Build.0 = Test|Any CPU
		{F55E832D-8FBB-410B-B739-DF090966398E}.Test|iPhoneSimulator.ActiveCfg = Test|Any CPU
		{F55E832D-8FBB-410B-B739-DF090966398E}.Test|iPhoneSimulator.Build.0 = Test|Any CPU
		{F55E832D-8FBB-410B-B739-DF090966398E}.Test|x64.ActiveCfg = Test|Any CPU
		{F55E832D-8FBB-410B-B739-DF090966398E}.Test|x64.Build.0 = Test|Any CPU
		{F55E832D-8FBB-410B-B739-DF090966398E}.Test|x86.ActiveCfg = Test|Any CPU
		{F55E832D-8FBB-410B-B739-DF090966398E}.Test|x86.Build.0 = Test|Any CPU
		{0648030C-BAAB-4CFD-AE2E-3A563A4B326E}.Ad-Hoc|Any CPU.ActiveCfg = Release|x86
		{0648030C-BAAB-4CFD-AE2E-3A563A4B326E}.Ad-Hoc|Any CPU.Build.0 = Release|x86
		{0648030C-BAAB-4CFD-AE2E-3A563A4B326E}.Ad-Hoc|Any CPU.Deploy.0 = Release|x86
		{0648030C-BAAB-4CFD-AE2E-3A563A4B326E}.Ad-Hoc|ARM.ActiveCfg = Release|ARM
		{0648030C-BAAB-4CFD-AE2E-3A563A4B326E}.Ad-Hoc|ARM.Build.0 = Release|ARM
		{0648030C-BAAB-4CFD-AE2E-3A563A4B326E}.Ad-Hoc|ARM.Deploy.0 = Release|ARM
		{0648030C-BAAB-4CFD-AE2E-3A563A4B326E}.Ad-Hoc|iPhone.ActiveCfg = Release|x86
		{0648030C-BAAB-4CFD-AE2E-3A563A4B326E}.Ad-Hoc|iPhone.Build.0 = Release|x86
		{0648030C-BAAB-4CFD-AE2E-3A563A4B326E}.Ad-Hoc|iPhone.Deploy.0 = Release|x86
		{0648030C-BAAB-4CFD-AE2E-3A563A4B326E}.Ad-Hoc|iPhoneSimulator.ActiveCfg = Release|x86
		{0648030C-BAAB-4CFD-AE2E-3A563A4B326E}.Ad-Hoc|iPhoneSimulator.Build.0 = Release|x86
		{0648030C-BAAB-4CFD-AE2E-3A563A4B326E}.Ad-Hoc|iPhoneSimulator.Deploy.0 = Release|x86
		{0648030C-BAAB-4CFD-AE2E-3A563A4B326E}.Ad-Hoc|x64.ActiveCfg = Release|x64
		{0648030C-BAAB-4CFD-AE2E-3A563A4B326E}.Ad-Hoc|x64.Build.0 = Release|x64
		{0648030C-BAAB-4CFD-AE2E-3A563A4B326E}.Ad-Hoc|x64.Deploy.0 = Release|x64
		{0648030C-BAAB-4CFD-AE2E-3A563A4B326E}.Ad-Hoc|x86.ActiveCfg = Release|x86
		{0648030C-BAAB-4CFD-AE2E-3A563A4B326E}.Ad-Hoc|x86.Build.0 = Release|x86
		{0648030C-BAAB-4CFD-AE2E-3A563A4B326E}.Ad-Hoc|x86.Deploy.0 = Release|x86
		{0648030C-BAAB-4CFD-AE2E-3A563A4B326E}.AppStore|Any CPU.ActiveCfg = Release|x86
		{0648030C-BAAB-4CFD-AE2E-3A563A4B326E}.AppStore|Any CPU.Build.0 = Release|x86
		{0648030C-BAAB-4CFD-AE2E-3A563A4B326E}.AppStore|Any CPU.Deploy.0 = Release|x86
		{0648030C-BAAB-4CFD-AE2E-3A563A4B326E}.AppStore|ARM.ActiveCfg = Release|ARM
		{0648030C-BAAB-4CFD-AE2E-3A563A4B326E}.AppStore|ARM.Build.0 = Release|ARM
		{0648030C-BAAB-4CFD-AE2E-3A563A4B326E}.AppStore|ARM.Deploy.0 = Release|ARM
		{0648030C-BAAB-4CFD-AE2E-3A563A4B326E}.AppStore|iPhone.ActiveCfg = Release|x86
		{0648030C-BAAB-4CFD-AE2E-3A563A4B326E}.AppStore|iPhone.Build.0 = Release|x86
		{0648030C-BAAB-4CFD-AE2E-3A563A4B326E}.AppStore|iPhone.Deploy.0 = Release|x86
		{0648030C-BAAB-4CFD-AE2E-3A563A4B326E}.AppStore|iPhoneSimulator.ActiveCfg = Release|x86
		{0648030C-BAAB-4CFD-AE2E-3A563A4B326E}.AppStore|iPhoneSimulator.Build.0 = Release|x86
		{0648030C-BAAB-4CFD-AE2E-3A563A4B326E}.AppStore|iPhoneSimulator.Deploy.0 = Release|x86
		{0648030C-BAAB-4CFD-AE2E-3A563A4B326E}.AppStore|x64.ActiveCfg = Release|x64
		{0648030C-BAAB-4CFD-AE2E-3A563A4B326E}.AppStore|x64.Build.0 = Release|x64
		{0648030C-BAAB-4CFD-AE2E-3A563A4B326E}.AppStore|x64.Deploy.0 = Release|x64
		{0648030C-BAAB-4CFD-AE2E-3A563A4B326E}.AppStore|x86.ActiveCfg = Release|x86
		{0648030C-BAAB-4CFD-AE2E-3A563A4B326E}.AppStore|x86.Build.0 = Release|x86
		{0648030C-BAAB-4CFD-AE2E-3A563A4B326E}.AppStore|x86.Deploy.0 = Release|x86
		{0648030C-BAAB-4CFD-AE2E-3A563A4B326E}.Debug|Any CPU.ActiveCfg = Debug|x86
		{0648030C-BAAB-4CFD-AE2E-3A563A4B326E}.Debug|ARM.ActiveCfg = Debug|ARM
		{0648030C-BAAB-4CFD-AE2E-3A563A4B326E}.Debug|ARM.Build.0 = Debug|ARM
		{0648030C-BAAB-4CFD-AE2E-3A563A4B326E}.Debug|ARM.Deploy.0 = Debug|ARM
		{0648030C-BAAB-4CFD-AE2E-3A563A4B326E}.Debug|iPhone.ActiveCfg = Debug|x86
		{0648030C-BAAB-4CFD-AE2E-3A563A4B326E}.Debug|iPhoneSimulator.ActiveCfg = Debug|x86
		{0648030C-BAAB-4CFD-AE2E-3A563A4B326E}.Debug|x64.ActiveCfg = Debug|x64
		{0648030C-BAAB-4CFD-AE2E-3A563A4B326E}.Debug|x64.Build.0 = Debug|x64
		{0648030C-BAAB-4CFD-AE2E-3A563A4B326E}.Debug|x64.Deploy.0 = Debug|x64
		{0648030C-BAAB-4CFD-AE2E-3A563A4B326E}.Debug|x86.ActiveCfg = Debug|x86
		{0648030C-BAAB-4CFD-AE2E-3A563A4B326E}.Debug|x86.Build.0 = Debug|x86
		{0648030C-BAAB-4CFD-AE2E-3A563A4B326E}.Debug|x86.Deploy.0 = Debug|x86
		{0648030C-BAAB-4CFD-AE2E-3A563A4B326E}.Release|Any CPU.ActiveCfg = Release|x86
		{0648030C-BAAB-4CFD-AE2E-3A563A4B326E}.Release|ARM.ActiveCfg = Release|ARM
		{0648030C-BAAB-4CFD-AE2E-3A563A4B326E}.Release|ARM.Build.0 = Release|ARM
		{0648030C-BAAB-4CFD-AE2E-3A563A4B326E}.Release|ARM.Deploy.0 = Release|ARM
		{0648030C-BAAB-4CFD-AE2E-3A563A4B326E}.Release|iPhone.ActiveCfg = Release|x86
		{0648030C-BAAB-4CFD-AE2E-3A563A4B326E}.Release|iPhoneSimulator.ActiveCfg = Release|x86
		{0648030C-BAAB-4CFD-AE2E-3A563A4B326E}.Release|x64.ActiveCfg = Release|x64
		{0648030C-BAAB-4CFD-AE2E-3A563A4B326E}.Release|x64.Build.0 = Release|x64
		{0648030C-BAAB-4CFD-AE2E-3A563A4B326E}.Release|x64.Deploy.0 = Release|x64
		{0648030C-BAAB-4CFD-AE2E-3A563A4B326E}.Release|x86.ActiveCfg = Release|x86
		{0648030C-BAAB-4CFD-AE2E-3A563A4B326E}.Release|x86.Build.0 = Release|x86
		{0648030C-BAAB-4CFD-AE2E-3A563A4B326E}.Release|x86.Deploy.0 = Release|x86
		{0648030C-BAAB-4CFD-AE2E-3A563A4B326E}.Test|Any CPU.ActiveCfg = Test|x86
		{0648030C-BAAB-4CFD-AE2E-3A563A4B326E}.Test|ARM.ActiveCfg = Test|ARM
		{0648030C-BAAB-4CFD-AE2E-3A563A4B326E}.Test|ARM.Build.0 = Test|ARM
		{0648030C-BAAB-4CFD-AE2E-3A563A4B326E}.Test|ARM.Deploy.0 = Test|ARM
		{0648030C-BAAB-4CFD-AE2E-3A563A4B326E}.Test|iPhone.ActiveCfg = Test|x86
		{0648030C-BAAB-4CFD-AE2E-3A563A4B326E}.Test|iPhoneSimulator.ActiveCfg = Test|x86
		{0648030C-BAAB-4CFD-AE2E-3A563A4B326E}.Test|x64.ActiveCfg = Test|x64
		{0648030C-BAAB-4CFD-AE2E-3A563A4B326E}.Test|x64.Build.0 = Test|x64
		{0648030C-BAAB-4CFD-AE2E-3A563A4B326E}.Test|x64.Deploy.0 = Test|x64
		{0648030C-BAAB-4CFD-AE2E-3A563A4B326E}.Test|x86.ActiveCfg = Test|x86
		{0648030C-BAAB-4CFD-AE2E-3A563A4B326E}.Test|x86.Build.0 = Test|x86
		{0648030C-BAAB-4CFD-AE2E-3A563A4B326E}.Test|x86.Deploy.0 = Test|x86
		{8EDF4429-251A-416D-BB68-93F227191BCF}.Ad-Hoc|Any CPU.ActiveCfg = Release|Any CPU
		{8EDF4429-251A-416D-BB68-93F227191BCF}.Ad-Hoc|Any CPU.Build.0 = Release|Any CPU
		{8EDF4429-251A-416D-BB68-93F227191BCF}.Ad-Hoc|ARM.ActiveCfg = Release|Any CPU
		{8EDF4429-251A-416D-BB68-93F227191BCF}.Ad-Hoc|ARM.Build.0 = Release|Any CPU
		{8EDF4429-251A-416D-BB68-93F227191BCF}.Ad-Hoc|iPhone.ActiveCfg = Release|Any CPU
		{8EDF4429-251A-416D-BB68-93F227191BCF}.Ad-Hoc|iPhone.Build.0 = Release|Any CPU
		{8EDF4429-251A-416D-BB68-93F227191BCF}.Ad-Hoc|iPhoneSimulator.ActiveCfg = Release|Any CPU
		{8EDF4429-251A-416D-BB68-93F227191BCF}.Ad-Hoc|iPhoneSimulator.Build.0 = Release|Any CPU
		{8EDF4429-251A-416D-BB68-93F227191BCF}.Ad-Hoc|x64.ActiveCfg = Release|Any CPU
		{8EDF4429-251A-416D-BB68-93F227191BCF}.Ad-Hoc|x64.Build.0 = Release|Any CPU
		{8EDF4429-251A-416D-BB68-93F227191BCF}.Ad-Hoc|x86.ActiveCfg = Release|Any CPU
		{8EDF4429-251A-416D-BB68-93F227191BCF}.Ad-Hoc|x86.Build.0 = Release|Any CPU
		{8EDF4429-251A-416D-BB68-93F227191BCF}.AppStore|Any CPU.ActiveCfg = Release|Any CPU
		{8EDF4429-251A-416D-BB68-93F227191BCF}.AppStore|Any CPU.Build.0 = Release|Any CPU
		{8EDF4429-251A-416D-BB68-93F227191BCF}.AppStore|ARM.ActiveCfg = Release|Any CPU
		{8EDF4429-251A-416D-BB68-93F227191BCF}.AppStore|ARM.Build.0 = Release|Any CPU
		{8EDF4429-251A-416D-BB68-93F227191BCF}.AppStore|iPhone.ActiveCfg = Release|Any CPU
		{8EDF4429-251A-416D-BB68-93F227191BCF}.AppStore|iPhone.Build.0 = Release|Any CPU
		{8EDF4429-251A-416D-BB68-93F227191BCF}.AppStore|iPhoneSimulator.ActiveCfg = Release|Any CPU
		{8EDF4429-251A-416D-BB68-93F227191BCF}.AppStore|iPhoneSimulator.Build.0 = Release|Any CPU
		{8EDF4429-251A-416D-BB68-93F227191BCF}.AppStore|x64.ActiveCfg = Release|Any CPU
		{8EDF4429-251A-416D-BB68-93F227191BCF}.AppStore|x64.Build.0 = Release|Any CPU
		{8EDF4429-251A-416D-BB68-93F227191BCF}.AppStore|x86.ActiveCfg = Release|Any CPU
		{8EDF4429-251A-416D-BB68-93F227191BCF}.AppStore|x86.Build.0 = Release|Any CPU
		{8EDF4429-251A-416D-BB68-93F227191BCF}.Debug|Any CPU.ActiveCfg = Debug|Any CPU
		{8EDF4429-251A-416D-BB68-93F227191BCF}.Debug|Any CPU.Build.0 = Debug|Any CPU
		{8EDF4429-251A-416D-BB68-93F227191BCF}.Debug|ARM.ActiveCfg = Debug|Any CPU
		{8EDF4429-251A-416D-BB68-93F227191BCF}.Debug|ARM.Build.0 = Debug|Any CPU
		{8EDF4429-251A-416D-BB68-93F227191BCF}.Debug|iPhone.ActiveCfg = Debug|Any CPU
		{8EDF4429-251A-416D-BB68-93F227191BCF}.Debug|iPhone.Build.0 = Debug|Any CPU
		{8EDF4429-251A-416D-BB68-93F227191BCF}.Debug|iPhoneSimulator.ActiveCfg = Debug|Any CPU
		{8EDF4429-251A-416D-BB68-93F227191BCF}.Debug|iPhoneSimulator.Build.0 = Debug|Any CPU
		{8EDF4429-251A-416D-BB68-93F227191BCF}.Debug|x64.ActiveCfg = Debug|Any CPU
		{8EDF4429-251A-416D-BB68-93F227191BCF}.Debug|x64.Build.0 = Debug|Any CPU
		{8EDF4429-251A-416D-BB68-93F227191BCF}.Debug|x86.ActiveCfg = Debug|Any CPU
		{8EDF4429-251A-416D-BB68-93F227191BCF}.Debug|x86.Build.0 = Debug|Any CPU
		{8EDF4429-251A-416D-BB68-93F227191BCF}.Release|Any CPU.ActiveCfg = Release|Any CPU
		{8EDF4429-251A-416D-BB68-93F227191BCF}.Release|Any CPU.Build.0 = Release|Any CPU
		{8EDF4429-251A-416D-BB68-93F227191BCF}.Release|ARM.ActiveCfg = Release|Any CPU
		{8EDF4429-251A-416D-BB68-93F227191BCF}.Release|ARM.Build.0 = Release|Any CPU
		{8EDF4429-251A-416D-BB68-93F227191BCF}.Release|iPhone.ActiveCfg = Release|Any CPU
		{8EDF4429-251A-416D-BB68-93F227191BCF}.Release|iPhone.Build.0 = Release|Any CPU
		{8EDF4429-251A-416D-BB68-93F227191BCF}.Release|iPhoneSimulator.ActiveCfg = Release|Any CPU
		{8EDF4429-251A-416D-BB68-93F227191BCF}.Release|iPhoneSimulator.Build.0 = Release|Any CPU
		{8EDF4429-251A-416D-BB68-93F227191BCF}.Release|x64.ActiveCfg = Release|Any CPU
		{8EDF4429-251A-416D-BB68-93F227191BCF}.Release|x64.Build.0 = Release|Any CPU
		{8EDF4429-251A-416D-BB68-93F227191BCF}.Release|x86.ActiveCfg = Release|Any CPU
		{8EDF4429-251A-416D-BB68-93F227191BCF}.Release|x86.Build.0 = Release|Any CPU
		{8EDF4429-251A-416D-BB68-93F227191BCF}.Test|Any CPU.ActiveCfg = Release|Any CPU
		{8EDF4429-251A-416D-BB68-93F227191BCF}.Test|Any CPU.Build.0 = Release|Any CPU
		{8EDF4429-251A-416D-BB68-93F227191BCF}.Test|ARM.ActiveCfg = Release|Any CPU
		{8EDF4429-251A-416D-BB68-93F227191BCF}.Test|ARM.Build.0 = Release|Any CPU
		{8EDF4429-251A-416D-BB68-93F227191BCF}.Test|iPhone.ActiveCfg = Release|Any CPU
		{8EDF4429-251A-416D-BB68-93F227191BCF}.Test|iPhone.Build.0 = Release|Any CPU
		{8EDF4429-251A-416D-BB68-93F227191BCF}.Test|iPhoneSimulator.ActiveCfg = Release|Any CPU
		{8EDF4429-251A-416D-BB68-93F227191BCF}.Test|iPhoneSimulator.Build.0 = Release|Any CPU
		{8EDF4429-251A-416D-BB68-93F227191BCF}.Test|x64.ActiveCfg = Release|Any CPU
		{8EDF4429-251A-416D-BB68-93F227191BCF}.Test|x64.Build.0 = Release|Any CPU
		{8EDF4429-251A-416D-BB68-93F227191BCF}.Test|x86.ActiveCfg = Release|Any CPU
		{8EDF4429-251A-416D-BB68-93F227191BCF}.Test|x86.Build.0 = Release|Any CPU
	EndGlobalSection
	GlobalSection(SolutionProperties) = preSolution
		HideSolutionNode = FALSE
	EndGlobalSection
	GlobalSection(NestedProjects) = preSolution
		{5A98C917-A5E1-48D3-BA77-4A1AAA86F5CA} = {5AE1C9D9-186B-45BF-936A-CDE22944340E}
		{A676B7A1-2BDA-487F-83D1-C17B9CD6C5BC} = {17CCDE3C-8136-46F6-A376-C382A0974D97}
		{553427D4-DE2B-4969-8ABF-B3B2942FA5EA} = {A676B7A1-2BDA-487F-83D1-C17B9CD6C5BC}
		{5F1B34D1-4D32-4EC3-BB20-402A19944284} = {A676B7A1-2BDA-487F-83D1-C17B9CD6C5BC}
		{F55E832D-8FBB-410B-B739-DF090966398E} = {A676B7A1-2BDA-487F-83D1-C17B9CD6C5BC}
		{0648030C-BAAB-4CFD-AE2E-3A563A4B326E} = {A676B7A1-2BDA-487F-83D1-C17B9CD6C5BC}
		{8EDF4429-251A-416D-BB68-93F227191BCF} = {01DD7493-4A74-431D-9871-8E9CA9876F3E}
	EndGlobalSection
EndGlobal
